
Microsoft Visual Studio Solution File, Format Version 12.00
# Visual Studio Version 16
VisualStudioVersion = 16.0.31613.86
MinimumVisualStudioVersion = 10.0.40219.1
Project("{FAE04EC0-301F-11D3-BF4B-00C04F79EFBC}") = "ErrorHandling.Api", "ErrorHandling\ErrorHandling.Api.csproj", "{C22A7E6C-979C-41ED-B441-4B72A1F9DB86}"
EndProject
Project("{FAE04EC0-301F-11D3-BF4B-00C04F79EFBC}") = "ExceptionHandling.Domain", "ExceptionHandling.Domain\ExceptionHandling.Domain.csproj", "{0752C755-51F6-47C5-A479-4DCE282263FA}"
EndProject
Global
	GlobalSection(SolutionConfigurationPlatforms) = preSolution
		Debug|Any CPU = Debug|Any CPU
		Release|Any CPU = Release|Any CPU
	EndGlobalSection
	GlobalSection(ProjectConfigurationPlatforms) = postSolution
		{C22A7E6C-979C-41ED-B441-4B72A1F9DB86}.Debug|Any CPU.ActiveCfg = Debug|Any CPU
		{C22A7E6C-979C-41ED-B441-4B72A1F9DB86}.Debug|Any CPU.Build.0 = Debug|Any CPU
		{C22A7E6C-979C-41ED-B441-4B72A1F9DB86}.Release|Any CPU.ActiveCfg = Release|Any CPU
		{C22A7E6C-979C-41ED-B441-4B72A1F9DB86}.Release|Any CPU.Build.0 = Release|Any CPU
		{0752C755-51F6-47C5-A479-4DCE282263FA}.Debug|Any CPU.ActiveCfg = Debug|Any CPU
		{0752C755-51F6-47C5-A479-4DCE282263FA}.Debug|Any CPU.Build.0 = Debug|Any CPU
		{0752C755-51F6-47C5-A479-4DCE282263FA}.Release|Any CPU.ActiveCfg = Release|Any CPU
		{0752C755-51F6-47C5-A479-4DCE282263FA}.Release|Any CPU.Build.0 = Release|Any CPU
	EndGlobalSection
	GlobalSection(SolutionProperties) = preSolution
		HideSolutionNode = FALSE
	EndGlobalSection
	GlobalSection(ExtensibilityGlobals) = postSolution
		SolutionGuid = {BDC9B917-E5F3-4C0A-B3BF-1379FEAAD001}
	EndGlobalSection
EndGlobal
